// !$*UTF8*$!
{
	archiveVersion = 1;
	classes = {
	};
	objectVersion = 50;
	objects = {

/* Begin PBXBuildFile section */
		212B5DEC2560E8A900B71050 /* AppDelegate.swift in Sources */ = {isa = PBXBuildFile; fileRef = 212B5DEB2560E8A900B71050 /* AppDelegate.swift */; };
		212B5DEE2560E8A900B71050 /* SceneDelegate.swift in Sources */ = {isa = PBXBuildFile; fileRef = 212B5DED2560E8A900B71050 /* SceneDelegate.swift */; };
		212B5DF02560E8A900B71050 /* ViewController.swift in Sources */ = {isa = PBXBuildFile; fileRef = 212B5DEF2560E8A900B71050 /* ViewController.swift */; };
		212B5DF32560E8A900B71050 /* Main.storyboard in Resources */ = {isa = PBXBuildFile; fileRef = 212B5DF12560E8A900B71050 /* Main.storyboard */; };
		212B5DF52560E8AA00B71050 /* Assets.xcassets in Resources */ = {isa = PBXBuildFile; fileRef = 212B5DF42560E8AA00B71050 /* Assets.xcassets */; };
		212B5DF82560E8AA00B71050 /* LaunchScreen.storyboard in Resources */ = {isa = PBXBuildFile; fileRef = 212B5DF62560E8AA00B71050 /* LaunchScreen.storyboard */; };
/* End PBXBuildFile section */

/* Begin PBXFileReference section */
		212B5DE82560E8A900B71050 /* Alinea-iOS-Challenge.app */ = {isa = PBXFileReference; explicitFileType = wrapper.application; includeInIndex = 0; path = "Alinea-iOS-Challenge.app"; sourceTree = BUILT_PRODUCTS_DIR; };
		212B5DEB2560E8A900B71050 /* AppDelegate.swift */ = {isa = PBXFileReference; lastKnownFileType = sourcecode.swift; path = AppDelegate.swift; sourceTree = "<group>"; };
		212B5DED2560E8A900B71050 /* SceneDelegate.swift */ = {isa = PBXFileReference; lastKnownFileType = sourcecode.swift; path = SceneDelegate.swift; sourceTree = "<group>"; };
		212B5DEF2560E8A900B71050 /* ViewController.swift */ = {isa = PBXFileReference; lastKnownFileType = sourcecode.swift; path = ViewController.swift; sourceTree = "<group>"; };
		212B5DF22560E8A900B71050 /* Base */ = {isa = PBXFileReference; lastKnownFileType = file.storyboard; name = Base; path = Base.lproj/Main.storyboard; sourceTree = "<group>"; };
		212B5DF42560E8AA00B71050 /* Assets.xcassets */ = {isa = PBXFileReference; lastKnownFileType = folder.assetcatalog; path = Assets.xcassets; sourceTree = "<group>"; };
		212B5DF72560E8AA00B71050 /* Base */ = {isa = PBXFileReference; lastKnownFileType = file.storyboard; name = Base; path = Base.lproj/LaunchScreen.storyboard; sourceTree = "<group>"; };
		212B5DF92560E8AA00B71050 /* Info.plist */ = {isa = PBXFileReference; lastKnownFileType = text.plist.xml; path = Info.plist; sourceTree = "<group>"; };
/* End PBXFileReference section */

/* Begin PBXFrameworksBuildPhase section */
		212B5DE52560E8A900B71050 /* Frameworks */ = {
			isa = PBXFrameworksBuildPhase;
			buildActionMask = 2147483647;
			files = (
			);
			runOnlyForDeploymentPostprocessing = 0;
		};
/* End PBXFrameworksBuildPhase section */

/* Begin PBXGroup section */
		212B5DDF2560E8A900B71050 = {
			isa = PBXGroup;
			children = (
				212B5DEA2560E8A900B71050 /* Alinea-iOS-Challenge */,
				212B5DE92560E8A900B71050 /* Products */,
			);
			sourceTree = "<group>";
		};
		212B5DE92560E8A900B71050 /* Products */ = {
			isa = PBXGroup;
			children = (
				212B5DE82560E8A900B71050 /* Alinea-iOS-Challenge.app */,
			);
			name = Products;
			sourceTree = "<group>";
		};
		212B5DEA2560E8A900B71050 /* Alinea-iOS-Challenge */ = {
			isa = PBXGroup;
			children = (
				212B5DEB2560E8A900B71050 /* AppDelegate.swift */,
				212B5DED2560E8A900B71050 /* SceneDelegate.swift */,
				212B5DEF2560E8A900B71050 /* ViewController.swift */,
				212B5DF12560E8A900B71050 /* Main.storyboard */,
				212B5DF42560E8AA00B71050 /* Assets.xcassets */,
				212B5DF62560E8AA00B71050 /* LaunchScreen.storyboard */,
				212B5DF92560E8AA00B71050 /* Info.plist */,
			);
			path = "Alinea-iOS-Challenge";
			sourceTree = "<group>";
		};
/* End PBXGroup section */

/* Begin PBXNativeTarget section */
		212B5DE72560E8A900B71050 /* Alinea-iOS-Challenge */ = {
			isa = PBXNativeTarget;
			buildConfigurationList = 212B5DFC2560E8AA00B71050 /* Build configuration list for PBXNativeTarget "Alinea-iOS-Challenge" */;
			buildPhases = (
				212B5DE42560E8A900B71050 /* Sources */,
				212B5DE52560E8A900B71050 /* Frameworks */,
				212B5DE62560E8A900B71050 /* Resources */,
			);
			buildRules = (
			);
			dependencies = (
			);
			name = "Alinea-iOS-Challenge";
			productName = "Alinea-iOS-Challenge";
			productReference = 212B5DE82560E8A900B71050 /* Alinea-iOS-Challenge.app */;
			productType = "com.apple.product-type.application";
		};
/* End PBXNativeTarget section */

/* Begin PBXProject section */
		212B5DE02560E8A900B71050 /* Project object */ = {
			isa = PBXProject;
			attributes = {
				LastSwiftUpdateCheck = 1170;
				LastUpgradeCheck = 1170;
				ORGANIZATIONNAME = "Ram Suthar";
				TargetAttributes = {
					212B5DE72560E8A900B71050 = {
						CreatedOnToolsVersion = 11.7;
					};
				};
			};
			buildConfigurationList = 212B5DE32560E8A900B71050 /* Build configuration list for PBXProject "Alinea-iOS-Challenge" */;
			compatibilityVersion = "Xcode 9.3";
			developmentRegion = en;
			hasScannedForEncodings = 0;
			knownRegions = (
				en,
				Base,
			);
			mainGroup = 212B5DDF2560E8A900B71050;
			productRefGroup = 212B5DE92560E8A900B71050 /* Products */;
			projectDirPath = "";
			projectRoot = "";
			targets = (
				212B5DE72560E8A900B71050 /* Alinea-iOS-Challenge */,
			);
		};
/* End PBXProject section */

/* Begin PBXResourcesBuildPhase section */
		212B5DE62560E8A900B71050 /* Resources */ = {
			isa = PBXResourcesBuildPhase;
			buildActionMask = 2147483647;
			files = (
				212B5DF82560E8AA00B71050 /* LaunchScreen.storyboard in Resources */,
				212B5DF52560E8AA00B71050 /* Assets.xcassets in Resources */,
				212B5DF32560E8A900B71050 /* Main.storyboard in Resources */,
			);
			runOnlyForDeploymentPostprocessing = 0;
		};
/* End PBXResourcesBuildPhase section */

/* Begin PBXSourcesBuildPhase section */
		212B5DE42560E8A900B71050 /* Sources */ = {
			isa = PBXSourcesBuildPhase;
			buildActionMask = 2147483647;
			files = (
				212B5DF02560E8A900B71050 /* ViewController.swift in Sources */,
				212B5DEC2560E8A900B71050 /* AppDelegate.swift in Sources */,
				212B5DEE2560E8A900B71050 /* SceneDelegate.swift in Sources */,
			);
			runOnlyForDeploymentPostprocessing = 0;
		};
/* End PBXSourcesBuildPhase section */

/* Begin PBXVariantGroup section */
		212B5DF12560E8A900B71050 /* Main.storyboard */ = {
			isa = PBXVariantGroup;
			children = (
				212B5DF22560E8A900B71050 /* Base */,
			);
			name = Main.storyboard;
			sourceTree = "<group>";
		};
		212B5DF62560E8AA00B71050 /* LaunchScreen.storyboard */ = {
			isa = PBXVariantGroup;
			children = (
				212B5DF72560E8AA00B71050 /* Base */,
			);
			name = LaunchScreen.storyboard;
			sourceTree = "<group>";
		};
/* End PBXVariantGroup section */

/* Begin XCBuildConfiguration section */
		212B5DFA2560E8AA00B71050 /* Debug */ = {
			isa = XCBuildConfiguration;
			buildSettings = {
				ALWAYS_SEARCH_USER_PATHS = NO;
				CLANG_ANALYZER_NONNULL = YES;
				CLANG_ANALYZER_NUMBER_OBJECT_CONVERSION = YES_AGGRESSIVE;
				CLANG_CXX_LANGUAGE_STANDARD = "gnu++14";
				CLANG_CXX_LIBRARY = "libc++";
				CLANG_ENABLE_MODULES = YES;
				CLANG_ENABLE_OBJC_ARC = YES;
				CLANG_ENABLE_OBJC_WEAK = YES;
				CLANG_WARN_BLOCK_CAPTURE_AUTORELEASING = YES;
				CLANG_WARN_BOOL_CONVERSION = YES;
				CLANG_WARN_COMMA = YES;
				CLANG_WARN_CONSTANT_CONVERSION = YES;
				CLANG_WARN_DEPRECATED_OBJC_IMPLEMENTATIONS = YES;
				CLANG_WARN_DIRECT_OBJC_ISA_USAGE = YES_ERROR;
				CLANG_WARN_DOCUMENTATION_COMMENTS = YES;
				CLANG_WARN_EMPTY_BODY = YES;
				CLANG_WARN_ENUM_CONVERSION = YES;
				CLANG_WARN_INFINITE_RECURSION = YES;
				CLANG_WARN_INT_CONVERSION = YES;
				CLANG_WARN_NON_LITERAL_NULL_CONVERSION = YES;
				CLANG_WARN_OBJC_IMPLICIT_RETAIN_SELF = YES;
				CLANG_WARN_OBJC_LITERAL_CONVERSION = YES;
				CLANG_WARN_OBJC_ROOT_CLASS = YES_ERROR;
				CLANG_WARN_RANGE_LOOP_ANALYSIS = YES;
				CLANG_WARN_STRICT_PROTOTYPES = YES;
				CLANG_WARN_SUSPICIOUS_MOVE = YES;
				CLANG_WARN_UNGUARDED_AVAILABILITY = YES_AGGRESSIVE;
				CLANG_WARN_UNREACHABLE_CODE = YES;
				CLANG_WARN__DUPLICATE_METHOD_MATCH = YES;
				COPY_PHASE_STRIP = NO;
				DEBUG_INFORMATION_FORMAT = dwarf;
				ENABLE_STRICT_OBJC_MSGSEND = YES;
				ENABLE_TESTABILITY = YES;
				GCC_C_LANGUAGE_STANDARD = gnu11;
				GCC_DYNAMIC_NO_PIC = NO;
				GCC_NO_COMMON_BLOCKS = YES;
				GCC_OPTIMIZATION_LEVEL = 0;
				GCC_PREPROCESSOR_DEFINITIONS = (
					"DEBUG=1",
					"$(inherited)",
				);
				GCC_WARN_64_TO_32_BIT_CONVERSION = YES;
				GCC_WARN_ABOUT_RETURN_TYPE = YES_ERROR;
				GCC_WARN_UNDECLARED_SELECTOR = YES;
				GCC_WARN_UNINITIALIZED_AUTOS = YES_AGGRESSIVE;
				GCC_WARN_UNUSED_FUNCTION = YES;
				GCC_WARN_UNUSED_VARIABLE = YES;
				IPHONEOS_DEPLOYMENT_TARGET = 13.7;
				MTL_ENABLE_DEBUG_INFO = INCLUDE_SOURCE;
				MTL_FAST_MATH = YES;
				ONLY_ACTIVE_ARCH = YES;
				SDKROOT = iphoneos;
				SWIFT_ACTIVE_COMPILATION_CONDITIONS = DEBUG;
				SWIFT_OPTIMIZATION_LEVEL = "-Onone";
			};
			name = Debug;
		};
		212B5DFB2560E8AA00B71050 /* Release */ = {
			isa = XCBuildConfiguration;
			buildSettings = {
				ALWAYS_SEARCH_USER_PATHS = NO;
				CLANG_ANALYZER_NONNULL = YES;
				CLANG_ANALYZER_NUMBER_OBJECT_CONVERSION = YES_AGGRESSIVE;
				CLANG_CXX_LANGUAGE_STANDARD = "gnu++14";
				CLANG_CXX_LIBRARY = "libc++";
				CLANG_ENABLE_MODULES = YES;
				CLANG_ENABLE_OBJC_ARC = YES;
				CLANG_ENABLE_OBJC_WEAK = YES;
				CLANG_WARN_BLOCK_CAPTURE_AUTORELEASING = YES;
				CLANG_WARN_BOOL_CONVERSION = YES;
				CLANG_WARN_COMMA = YES;
				CLANG_WARN_CONSTANT_CONVERSION = YES;
				CLANG_WARN_DEPRECATED_OBJC_IMPLEMENTATIONS = YES;
				CLANG_WARN_DIRECT_OBJC_ISA_USAGE = YES_ERROR;
				CLANG_WARN_DOCUMENTATION_COMMENTS = YES;
				CLANG_WARN_EMPTY_BODY = YES;
				CLANG_WARN_ENUM_CONVERSION = YES;
				CLANG_WARN_INFINITE_RECURSION = YES;
				CLANG_WARN_INT_CONVERSION = YES;
				CLANG_WARN_NON_LITERAL_NULL_CONVERSION = YES;
				CLANG_WARN_OBJC_IMPLICIT_RETAIN_SELF = YES;
				CLANG_WARN_OBJC_LITERAL_CONVERSION = YES;
				CLANG_WARN_OBJC_ROOT_CLASS = YES_ERROR;
				CLANG_WARN_RANGE_LOOP_ANALYSIS = YES;
				CLANG_WARN_STRICT_PROTOTYPES = YES;
				CLANG_WARN_SUSPICIOUS_MOVE = YES;
				CLANG_WARN_UNGUARDED_AVAILABILITY = YES_AGGRESSIVE;
				CLANG_WARN_UNREACHABLE_CODE = YES;
				CLANG_WARN__DUPLICATE_METHOD_MATCH = YES;
				COPY_PHASE_STRIP = NO;
				DEBUG_INFORMATION_FORMAT = "dwarf-with-dsym";
				ENABLE_NS_ASSERTIONS = NO;
				ENABLE_STRICT_OBJC_MSGSEND = YES;
				GCC_C_LANGUAGE_STANDARD = gnu11;
				GCC_NO_COMMON_BLOCKS = YES;
				GCC_WARN_64_TO_32_BIT_CONVERSION = YES;
				GCC_WARN_ABOUT_RETURN_TYPE = YES_ERROR;
				GCC_WARN_UNDECLARED_SELECTOR = YES;
				GCC_WARN_UNINITIALIZED_AUTOS = YES_AGGRESSIVE;
				GCC_WARN_UNUSED_FUNCTION = YES;
				GCC_WARN_UNUSED_VARIABLE = YES;
				IPHONEOS_DEPLOYMENT_TARGET = 13.7;
				MTL_ENABLE_DEBUG_INFO = NO;
				MTL_FAST_MATH = YES;
				SDKROOT = iphoneos;
				SWIFT_COMPILATION_MODE = wholemodule;
				SWIFT_OPTIMIZATION_LEVEL = "-O";
				VALIDATE_PRODUCT = YES;
			};
			name = Release;
		};
		212B5DFD2560E8AA00B71050 /* Debug */ = {
			isa = XCBuildConfiguration;
			buildSettings = {
				ASSETCATALOG_COMPILER_APPICON_NAME = AppIcon;
				CODE_SIGN_STYLE = Automatic;
				DEVELOPMENT_TEAM = MRNU75P88S;
				INFOPLIST_FILE = "Alinea-iOS-Challenge/Info.plist";
				LD_RUNPATH_SEARCH_PATHS = (
					"$(inherited)",
					"@executable_path/Frameworks",
				);
				PRODUCT_BUNDLE_IDENTIFIER = "com.reallyram.Alinea-iOS-Challenge";
				PRODUCT_NAME = "$(TARGET_NAME)";
				SWIFT_VERSION = 5.0;
				TARGETED_DEVICE_FAMILY = "1,2";
			};
			name = Debug;
		};
		212B5DFE2560E8AA00B71050 /* Release */ = {
			isa = XCBuildConfiguration;
			buildSettings = {
				ASSETCATALOG_COMPILER_APPICON_NAME = AppIcon;
				CODE_SIGN_STYLE = Automatic;
				DEVELOPMENT_TEAM = MRNU75P88S;
				INFOPLIST_FILE = "Alinea-iOS-Challenge/Info.plist";
				LD_RUNPATH_SEARCH_PATHS = (
					"$(inherited)",
					"@executable_path/Frameworks",
				);
				PRODUCT_BUNDLE_IDENTIFIER = "com.reallyram.Alinea-iOS-Challenge";
				PRODUCT_NAME = "$(TARGET_NAME)";
				SWIFT_VERSION = 5.0;
				TARGETED_DEVICE_FAMILY = "1,2";
			};
			name = Release;
		};
/* End XCBuildConfiguration section */

/* Begin XCConfigurationList section */
		212B5DE32560E8A900B71050 /* Build configuration list for PBXProject "Alinea-iOS-Challenge" */ = {
			isa = XCConfigurationList;
			buildConfigurations = (
				212B5DFA2560E8AA00B71050 /* Debug */,
				212B5DFB2560E8AA00B71050 /* Release */,
			);
			defaultConfigurationIsVisible = 0;
			defaultConfigurationName = Release;
		};
		212B5DFC2560E8AA00B71050 /* Build configuration list for PBXNativeTarget "Alinea-iOS-Challenge" */ = {
			isa = XCConfigurationList;
			buildConfigurations = (
				212B5DFD2560E8AA00B71050 /* Debug */,
				212B5DFE2560E8AA00B71050 /* Release */,
			);
			defaultConfigurationIsVisible = 0;
			defaultConfigurationName = Release;
		};
/* End XCConfigurationList section */
	};
	rootObject = 212B5DE02560E8A900B71050 /* Project object */;
}
